// !$*UTF8*$!
{
	archiveVersion = 1;
	classes = {
	};
	objectVersion = 48;
	objects = {

/* Begin PBXBuildFile section */
		3E1AE8F71FBD3D81008A4BC1 /* ripemd-160.c in Sources */ = {isa = PBXBuildFile; fileRef = 3E1AE8F61FBD3D81008A4BC1 /* ripemd-160.c */; };
		3E2E26421FBD600E004D4425 /* NSData+HexString.swift in Sources */ = {isa = PBXBuildFile; fileRef = 3E2E263E1FBD600E004D4425 /* NSData+HexString.swift */; };
		3E2E26431FBD600E004D4425 /* RIPEMD+Block.swift in Sources */ = {isa = PBXBuildFile; fileRef = 3E2E263F1FBD600E004D4425 /* RIPEMD+Block.swift */; };
		3E2E26441FBD600E004D4425 /* RIPEMD.swift in Sources */ = {isa = PBXBuildFile; fileRef = 3E2E26401FBD600E004D4425 /* RIPEMD.swift */; };
		3E2E26451FBD600E004D4425 /* UInt32+CircularShift.swift in Sources */ = {isa = PBXBuildFile; fileRef = 3E2E26411FBD600E004D4425 /* UInt32+CircularShift.swift */; };
		3E2E26471FBD7B0C004D4425 /* Base32.framework in Frameworks */ = {isa = PBXBuildFile; fileRef = 3E2E26461FBD7B0C004D4425 /* Base32.framework */; };
		3E2E26491FBD852F004D4425 /* Account.swift in Sources */ = {isa = PBXBuildFile; fileRef = 3E2E26481FBD852F004D4425 /* Account.swift */; };
		3E31CFA81FBC112D006CFB33 /* AppDelegate.swift in Sources */ = {isa = PBXBuildFile; fileRef = 3E31CFA71FBC112D006CFB33 /* AppDelegate.swift */; };
		3E31CFAA1FBC112D006CFB33 /* ViewController.swift in Sources */ = {isa = PBXBuildFile; fileRef = 3E31CFA91FBC112D006CFB33 /* ViewController.swift */; };
		3E31CFAD1FBC112D006CFB33 /* Main.storyboard in Resources */ = {isa = PBXBuildFile; fileRef = 3E31CFAB1FBC112D006CFB33 /* Main.storyboard */; };
		3E31CFAF1FBC112D006CFB33 /* Assets.xcassets in Resources */ = {isa = PBXBuildFile; fileRef = 3E31CFAE1FBC112D006CFB33 /* Assets.xcassets */; };
		3E31CFB21FBC112D006CFB33 /* LaunchScreen.storyboard in Resources */ = {isa = PBXBuildFile; fileRef = 3E31CFB01FBC112D006CFB33 /* LaunchScreen.storyboard */; };
		3E31D09E1FBC18D8006CFB33 /* add_scalar.c in Sources */ = {isa = PBXBuildFile; fileRef = 3E31CFC41FBC18D8006CFB33 /* add_scalar.c */; };
		3E31D09F1FBC18D8006CFB33 /* fe.c in Sources */ = {isa = PBXBuildFile; fileRef = 3E31CFC61FBC18D8006CFB33 /* fe.c */; };
		3E31D0A01FBC18D8006CFB33 /* ge.c in Sources */ = {isa = PBXBuildFile; fileRef = 3E31CFC91FBC18D8006CFB33 /* ge.c */; };
		3E31D0A11FBC18D8006CFB33 /* key_exchange.c in Sources */ = {isa = PBXBuildFile; fileRef = 3E31CFCB1FBC18D8006CFB33 /* key_exchange.c */; };
		3E31D0A21FBC18D8006CFB33 /* keypair.c in Sources */ = {isa = PBXBuildFile; fileRef = 3E31CFCC1FBC18D8006CFB33 /* keypair.c */; };
		3E31D0A31FBC18D8006CFB33 /* sc.c in Sources */ = {isa = PBXBuildFile; fileRef = 3E31CFCE1FBC18D8006CFB33 /* sc.c */; };
		3E31D0A41FBC18D8006CFB33 /* seed.c in Sources */ = {isa = PBXBuildFile; fileRef = 3E31CFD01FBC18D8006CFB33 /* seed.c */; };
		3E31D0A51FBC18D8006CFB33 /* sha512.c in Sources */ = {isa = PBXBuildFile; fileRef = 3E31CFD11FBC18D8006CFB33 /* sha512.c */; };
		3E31D0A61FBC18D8006CFB33 /* sign.c in Sources */ = {isa = PBXBuildFile; fileRef = 3E31CFD31FBC18D8006CFB33 /* sign.c */; };
		3E31D0A71FBC18D8006CFB33 /* verify.c in Sources */ = {isa = PBXBuildFile; fileRef = 3E31CFD41FBC18D8006CFB33 /* verify.c */; };
		3E31D0F41FBC18D8006CFB33 /* byte_order.c in Sources */ = {isa = PBXBuildFile; fileRef = 3E31D0441FBC18D8006CFB33 /* byte_order.c */; };
		3E31D1061FBC18D8006CFB33 /* sha3.c in Sources */ = {isa = PBXBuildFile; fileRef = 3E31D0661FBC18D8006CFB33 /* sha3.c */; };
		3E31D1251FBC2119006CFB33 /* ed25519_sha3_512.c in Sources */ = {isa = PBXBuildFile; fileRef = 3E31D1231FBC2119006CFB33 /* ed25519_sha3_512.c */; };
		3E31D12F1FBC28F8006CFB33 /* KeyPair.swift in Sources */ = {isa = PBXBuildFile; fileRef = 3E31D12E1FBC28F8006CFB33 /* KeyPair.swift */; };
		3E31D1321FBC2B5C006CFB33 /* ConvertUtil.swift in Sources */ = {isa = PBXBuildFile; fileRef = 3E31D1311FBC2B5C006CFB33 /* ConvertUtil.swift */; };
		3E31D1361FBC3CC8006CFB33 /* Address.swift in Sources */ = {isa = PBXBuildFile; fileRef = 3E31D1351FBC3CC8006CFB33 /* Address.swift */; };
		3E31D1391FBC452A006CFB33 /* CryptoSwift.framework in Frameworks */ = {isa = PBXBuildFile; fileRef = 3E31D1381FBC452A006CFB33 /* CryptoSwift.framework */; };
		3E9CA6A21FC2D7380096808F /* APIKit.framework in Frameworks */ = {isa = PBXBuildFile; fileRef = 3E9CA6A01FC2D6A30096808F /* APIKit.framework */; };
		3E9CA6A41FC2D7420096808F /* Result.framework in Frameworks */ = {isa = PBXBuildFile; fileRef = 3E9CA6A31FC2D7420096808F /* Result.framework */; };
		3E9CA6A61FC2D9440096808F /* NISRequest.swift in Sources */ = {isa = PBXBuildFile; fileRef = 3E9CA6A51FC2D9440096808F /* NISRequest.swift */; };
		3E9CA6A81FC2D9EB0096808F /* DecodableDataParser.swift in Sources */ = {isa = PBXBuildFile; fileRef = 3E9CA6A71FC2D9EB0096808F /* DecodableDataParser.swift */; };
		3E9CA6AB1FC2DD5B0096808F /* AccountInfo.swift in Sources */ = {isa = PBXBuildFile; fileRef = 3E9CA6AA1FC2DD5B0096808F /* AccountInfo.swift */; };
		3ECF787E1FC3B5A2001AA416 /* AccountMetaData.swift in Sources */ = {isa = PBXBuildFile; fileRef = 3ECF787D1FC3B5A2001AA416 /* AccountMetaData.swift */; };
		3ECF78801FC3C768001AA416 /* NISAPI.swift in Sources */ = {isa = PBXBuildFile; fileRef = 3ECF787F1FC3C768001AA416 /* NISAPI.swift */; };
		3ECF78821FC3C7D9001AA416 /* AccountMetaDataPair.swift in Sources */ = {isa = PBXBuildFile; fileRef = 3ECF78811FC3C7D9001AA416 /* AccountMetaDataPair.swift */; };
/* End PBXBuildFile section */

/* Begin PBXFileReference section */
		3E1AE8F51FBD3D81008A4BC1 /* ripemd-160.h */ = {isa = PBXFileReference; fileEncoding = 4; lastKnownFileType = sourcecode.c.h; path = "ripemd-160.h"; sourceTree = "<group>"; };
		3E1AE8F61FBD3D81008A4BC1 /* ripemd-160.c */ = {isa = PBXFileReference; fileEncoding = 4; lastKnownFileType = sourcecode.c.c; path = "ripemd-160.c"; sourceTree = "<group>"; };
		3E2E263E1FBD600E004D4425 /* NSData+HexString.swift */ = {isa = PBXFileReference; fileEncoding = 4; lastKnownFileType = sourcecode.swift; path = "NSData+HexString.swift"; sourceTree = "<group>"; };
		3E2E263F1FBD600E004D4425 /* RIPEMD+Block.swift */ = {isa = PBXFileReference; fileEncoding = 4; lastKnownFileType = sourcecode.swift; path = "RIPEMD+Block.swift"; sourceTree = "<group>"; };
		3E2E26401FBD600E004D4425 /* RIPEMD.swift */ = {isa = PBXFileReference; fileEncoding = 4; lastKnownFileType = sourcecode.swift; path = RIPEMD.swift; sourceTree = "<group>"; };
		3E2E26411FBD600E004D4425 /* UInt32+CircularShift.swift */ = {isa = PBXFileReference; fileEncoding = 4; lastKnownFileType = sourcecode.swift; path = "UInt32+CircularShift.swift"; sourceTree = "<group>"; };
		3E2E26461FBD7B0C004D4425 /* Base32.framework */ = {isa = PBXFileReference; lastKnownFileType = wrapper.framework; name = Base32.framework; path = Carthage/Build/iOS/Base32.framework; sourceTree = "<group>"; };
		3E2E26481FBD852F004D4425 /* Account.swift */ = {isa = PBXFileReference; lastKnownFileType = sourcecode.swift; path = Account.swift; sourceTree = "<group>"; };
		3E31CFA41FBC112D006CFB33 /* NemSwift.app */ = {isa = PBXFileReference; explicitFileType = wrapper.application; includeInIndex = 0; path = NemSwift.app; sourceTree = BUILT_PRODUCTS_DIR; };
		3E31CFA71FBC112D006CFB33 /* AppDelegate.swift */ = {isa = PBXFileReference; lastKnownFileType = sourcecode.swift; path = AppDelegate.swift; sourceTree = "<group>"; };
		3E31CFA91FBC112D006CFB33 /* ViewController.swift */ = {isa = PBXFileReference; lastKnownFileType = sourcecode.swift; path = ViewController.swift; sourceTree = "<group>"; };
		3E31CFAC1FBC112D006CFB33 /* Base */ = {isa = PBXFileReference; lastKnownFileType = file.storyboard; name = Base; path = Base.lproj/Main.storyboard; sourceTree = "<group>"; };
		3E31CFAE1FBC112D006CFB33 /* Assets.xcassets */ = {isa = PBXFileReference; lastKnownFileType = folder.assetcatalog; path = Assets.xcassets; sourceTree = "<group>"; };
		3E31CFB11FBC112D006CFB33 /* Base */ = {isa = PBXFileReference; lastKnownFileType = file.storyboard; name = Base; path = Base.lproj/LaunchScreen.storyboard; sourceTree = "<group>"; };
		3E31CFB31FBC112D006CFB33 /* Info.plist */ = {isa = PBXFileReference; lastKnownFileType = text.plist.xml; path = Info.plist; sourceTree = "<group>"; };
		3E31CFC41FBC18D8006CFB33 /* add_scalar.c */ = {isa = PBXFileReference; fileEncoding = 4; lastKnownFileType = sourcecode.c.c; path = add_scalar.c; sourceTree = "<group>"; };
		3E31CFC51FBC18D8006CFB33 /* ed25519.h */ = {isa = PBXFileReference; fileEncoding = 4; lastKnownFileType = sourcecode.c.h; path = ed25519.h; sourceTree = "<group>"; };
		3E31CFC61FBC18D8006CFB33 /* fe.c */ = {isa = PBXFileReference; fileEncoding = 4; lastKnownFileType = sourcecode.c.c; path = fe.c; sourceTree = "<group>"; };
		3E31CFC71FBC18D8006CFB33 /* fe.h */ = {isa = PBXFileReference; fileEncoding = 4; lastKnownFileType = sourcecode.c.h; path = fe.h; sourceTree = "<group>"; };
		3E31CFC81FBC18D8006CFB33 /* fixedint.h */ = {isa = PBXFileReference; fileEncoding = 4; lastKnownFileType = sourcecode.c.h; path = fixedint.h; sourceTree = "<group>"; };
		3E31CFC91FBC18D8006CFB33 /* ge.c */ = {isa = PBXFileReference; fileEncoding = 4; lastKnownFileType = sourcecode.c.c; path = ge.c; sourceTree = "<group>"; };
		3E31CFCA1FBC18D8006CFB33 /* ge.h */ = {isa = PBXFileReference; fileEncoding = 4; lastKnownFileType = sourcecode.c.h; path = ge.h; sourceTree = "<group>"; };
		3E31CFCB1FBC18D8006CFB33 /* key_exchange.c */ = {isa = PBXFileReference; fileEncoding = 4; lastKnownFileType = sourcecode.c.c; path = key_exchange.c; sourceTree = "<group>"; };
		3E31CFCC1FBC18D8006CFB33 /* keypair.c */ = {isa = PBXFileReference; fileEncoding = 4; lastKnownFileType = sourcecode.c.c; path = keypair.c; sourceTree = "<group>"; };
		3E31CFCD1FBC18D8006CFB33 /* precomp_data.h */ = {isa = PBXFileReference; fileEncoding = 4; lastKnownFileType = sourcecode.c.h; path = precomp_data.h; sourceTree = "<group>"; };
		3E31CFCE1FBC18D8006CFB33 /* sc.c */ = {isa = PBXFileReference; fileEncoding = 4; lastKnownFileType = sourcecode.c.c; path = sc.c; sourceTree = "<group>"; };
		3E31CFCF1FBC18D8006CFB33 /* sc.h */ = {isa = PBXFileReference; fileEncoding = 4; lastKnownFileType = sourcecode.c.h; path = sc.h; sourceTree = "<group>"; };
		3E31CFD01FBC18D8006CFB33 /* seed.c */ = {isa = PBXFileReference; fileEncoding = 4; lastKnownFileType = sourcecode.c.c; path = seed.c; sourceTree = "<group>"; };
		3E31CFD11FBC18D8006CFB33 /* sha512.c */ = {isa = PBXFileReference; fileEncoding = 4; lastKnownFileType = sourcecode.c.c; path = sha512.c; sourceTree = "<group>"; };
		3E31CFD21FBC18D8006CFB33 /* sha512.h */ = {isa = PBXFileReference; fileEncoding = 4; lastKnownFileType = sourcecode.c.h; path = sha512.h; sourceTree = "<group>"; };
		3E31CFD31FBC18D8006CFB33 /* sign.c */ = {isa = PBXFileReference; fileEncoding = 4; lastKnownFileType = sourcecode.c.c; path = sign.c; sourceTree = "<group>"; };
		3E31CFD41FBC18D8006CFB33 /* verify.c */ = {isa = PBXFileReference; fileEncoding = 4; lastKnownFileType = sourcecode.c.c; path = verify.c; sourceTree = "<group>"; };
		3E31D0441FBC18D8006CFB33 /* byte_order.c */ = {isa = PBXFileReference; fileEncoding = 4; lastKnownFileType = sourcecode.c.c; path = byte_order.c; sourceTree = "<group>"; };
		3E31D0451FBC18D8006CFB33 /* byte_order.h */ = {isa = PBXFileReference; fileEncoding = 4; lastKnownFileType = sourcecode.c.h; path = byte_order.h; sourceTree = "<group>"; };
		3E31D0661FBC18D8006CFB33 /* sha3.c */ = {isa = PBXFileReference; fileEncoding = 4; lastKnownFileType = sourcecode.c.c; path = sha3.c; sourceTree = "<group>"; };
		3E31D0671FBC18D8006CFB33 /* sha3.h */ = {isa = PBXFileReference; fileEncoding = 4; lastKnownFileType = sourcecode.c.h; path = sha3.h; sourceTree = "<group>"; };
		3E31D1231FBC2119006CFB33 /* ed25519_sha3_512.c */ = {isa = PBXFileReference; lastKnownFileType = sourcecode.c.c; path = ed25519_sha3_512.c; sourceTree = "<group>"; };
		3E31D1241FBC2119006CFB33 /* ed25519_sha3_512.h */ = {isa = PBXFileReference; lastKnownFileType = sourcecode.c.h; path = ed25519_sha3_512.h; sourceTree = "<group>"; };
		3E31D12C1FBC2464006CFB33 /* NewSwift-Bridging-Header.h */ = {isa = PBXFileReference; lastKnownFileType = sourcecode.c.h; path = "NewSwift-Bridging-Header.h"; sourceTree = "<group>"; };
		3E31D12E1FBC28F8006CFB33 /* KeyPair.swift */ = {isa = PBXFileReference; lastKnownFileType = sourcecode.swift; path = KeyPair.swift; sourceTree = "<group>"; };
		3E31D1311FBC2B5C006CFB33 /* ConvertUtil.swift */ = {isa = PBXFileReference; lastKnownFileType = sourcecode.swift; path = ConvertUtil.swift; sourceTree = "<group>"; };
		3E31D1351FBC3CC8006CFB33 /* Address.swift */ = {isa = PBXFileReference; lastKnownFileType = sourcecode.swift; path = Address.swift; sourceTree = "<group>"; };
		3E31D1381FBC452A006CFB33 /* CryptoSwift.framework */ = {isa = PBXFileReference; lastKnownFileType = wrapper.framework; name = CryptoSwift.framework; path = Carthage/Build/iOS/CryptoSwift.framework; sourceTree = "<group>"; };
		3E9CA6A01FC2D6A30096808F /* APIKit.framework */ = {isa = PBXFileReference; lastKnownFileType = wrapper.framework; name = APIKit.framework; path = Carthage/Build/iOS/APIKit.framework; sourceTree = "<group>"; };
		3E9CA6A31FC2D7420096808F /* Result.framework */ = {isa = PBXFileReference; lastKnownFileType = wrapper.framework; name = Result.framework; path = Carthage/Build/iOS/Result.framework; sourceTree = "<group>"; };
		3E9CA6A51FC2D9440096808F /* NISRequest.swift */ = {isa = PBXFileReference; lastKnownFileType = sourcecode.swift; path = NISRequest.swift; sourceTree = "<group>"; };
		3E9CA6A71FC2D9EB0096808F /* DecodableDataParser.swift */ = {isa = PBXFileReference; lastKnownFileType = sourcecode.swift; path = DecodableDataParser.swift; sourceTree = "<group>"; };
		3E9CA6AA1FC2DD5B0096808F /* AccountInfo.swift */ = {isa = PBXFileReference; lastKnownFileType = sourcecode.swift; path = AccountInfo.swift; sourceTree = "<group>"; };
		3ECF787D1FC3B5A2001AA416 /* AccountMetaData.swift */ = {isa = PBXFileReference; lastKnownFileType = sourcecode.swift; path = AccountMetaData.swift; sourceTree = "<group>"; };
		3ECF787F1FC3C768001AA416 /* NISAPI.swift */ = {isa = PBXFileReference; lastKnownFileType = sourcecode.swift; path = NISAPI.swift; sourceTree = "<group>"; };
		3ECF78811FC3C7D9001AA416 /* AccountMetaDataPair.swift */ = {isa = PBXFileReference; lastKnownFileType = sourcecode.swift; path = AccountMetaDataPair.swift; sourceTree = "<group>"; };
/* End PBXFileReference section */

/* Begin PBXFrameworksBuildPhase section */
		3E31CFA11FBC112D006CFB33 /* Frameworks */ = {
			isa = PBXFrameworksBuildPhase;
			buildActionMask = 2147483647;
			files = (
				3E9CA6A41FC2D7420096808F /* Result.framework in Frameworks */,
				3E9CA6A21FC2D7380096808F /* APIKit.framework in Frameworks */,
				3E2E26471FBD7B0C004D4425 /* Base32.framework in Frameworks */,
				3E31D1391FBC452A006CFB33 /* CryptoSwift.framework in Frameworks */,
			);
			runOnlyForDeploymentPostprocessing = 0;
		};
/* End PBXFrameworksBuildPhase section */

/* Begin PBXGroup section */
		3E2E263D1FBD600E004D4425 /* RIPEMD-160 */ = {
			isa = PBXGroup;
			children = (
				3E2E263E1FBD600E004D4425 /* NSData+HexString.swift */,
				3E2E263F1FBD600E004D4425 /* RIPEMD+Block.swift */,
				3E2E26401FBD600E004D4425 /* RIPEMD.swift */,
				3E2E26411FBD600E004D4425 /* UInt32+CircularShift.swift */,
			);
			path = "RIPEMD-160";
			sourceTree = "<group>";
		};
		3E31CF9B1FBC112D006CFB33 = {
			isa = PBXGroup;
			children = (
				3E31CFA61FBC112D006CFB33 /* NemSwift */,
				3E31CFA51FBC112D006CFB33 /* Products */,
				3E31D1371FBC4529006CFB33 /* Frameworks */,
			);
			sourceTree = "<group>";
		};
		3E31CFA51FBC112D006CFB33 /* Products */ = {
			isa = PBXGroup;
			children = (
				3E31CFA41FBC112D006CFB33 /* NemSwift.app */,
			);
			name = Products;
			sourceTree = "<group>";
		};
		3E31CFA61FBC112D006CFB33 /* NemSwift */ = {
			isa = PBXGroup;
			children = (
				3E31CFBD1FBC1816006CFB33 /* Sources */,
				3E31CFA71FBC112D006CFB33 /* AppDelegate.swift */,
				3E31CFA91FBC112D006CFB33 /* ViewController.swift */,
				3E31D12C1FBC2464006CFB33 /* NewSwift-Bridging-Header.h */,
				3E31CFAB1FBC112D006CFB33 /* Main.storyboard */,
				3E31CFAE1FBC112D006CFB33 /* Assets.xcassets */,
				3E31CFB01FBC112D006CFB33 /* LaunchScreen.storyboard */,
				3E31CFB31FBC112D006CFB33 /* Info.plist */,
			);
			path = NemSwift;
			sourceTree = "<group>";
		};
		3E31CFBD1FBC1816006CFB33 /* Sources */ = {
			isa = PBXGroup;
			children = (
				3E9CA69F1FC2D51F0096808F /* client */,
				3E31D1301FBC2B37006CFB33 /* utils */,
				3E31D12D1FBC28DC006CFB33 /* models */,
				3E2E263D1FBD600E004D4425 /* RIPEMD-160 */,
				3E31CFBE1FBC18D8006CFB33 /* ed25519 */,
				3E31CFD61FBC18D8006CFB33 /* RHash */,
				3E31D1231FBC2119006CFB33 /* ed25519_sha3_512.c */,
				3E31D1241FBC2119006CFB33 /* ed25519_sha3_512.h */,
			);
			path = Sources;
			sourceTree = "<group>";
		};
		3E31CFBE1FBC18D8006CFB33 /* ed25519 */ = {
			isa = PBXGroup;
			children = (
				3E31CFC31FBC18D8006CFB33 /* src */,
			);
			path = ed25519;
			sourceTree = "<group>";
		};
		3E31CFC31FBC18D8006CFB33 /* src */ = {
			isa = PBXGroup;
			children = (
				3E31CFC41FBC18D8006CFB33 /* add_scalar.c */,
				3E31CFC51FBC18D8006CFB33 /* ed25519.h */,
				3E31CFC61FBC18D8006CFB33 /* fe.c */,
				3E31CFC71FBC18D8006CFB33 /* fe.h */,
				3E31CFC81FBC18D8006CFB33 /* fixedint.h */,
				3E31CFC91FBC18D8006CFB33 /* ge.c */,
				3E31CFCA1FBC18D8006CFB33 /* ge.h */,
				3E31CFCB1FBC18D8006CFB33 /* key_exchange.c */,
				3E31CFCC1FBC18D8006CFB33 /* keypair.c */,
				3E31CFCD1FBC18D8006CFB33 /* precomp_data.h */,
				3E31CFCE1FBC18D8006CFB33 /* sc.c */,
				3E31CFCF1FBC18D8006CFB33 /* sc.h */,
				3E31CFD01FBC18D8006CFB33 /* seed.c */,
				3E31CFD11FBC18D8006CFB33 /* sha512.c */,
				3E31CFD21FBC18D8006CFB33 /* sha512.h */,
				3E31CFD31FBC18D8006CFB33 /* sign.c */,
				3E31CFD41FBC18D8006CFB33 /* verify.c */,
			);
			path = src;
			sourceTree = "<group>";
		};
		3E31CFD61FBC18D8006CFB33 /* RHash */ = {
			isa = PBXGroup;
			children = (
				3E31D03F1FBC18D8006CFB33 /* librhash */,
			);
			path = RHash;
			sourceTree = "<group>";
		};
		3E31D03F1FBC18D8006CFB33 /* librhash */ = {
			isa = PBXGroup;
			children = (
				3E1AE8F61FBD3D81008A4BC1 /* ripemd-160.c */,
				3E1AE8F51FBD3D81008A4BC1 /* ripemd-160.h */,
				3E31D0441FBC18D8006CFB33 /* byte_order.c */,
				3E31D0451FBC18D8006CFB33 /* byte_order.h */,
				3E31D0661FBC18D8006CFB33 /* sha3.c */,
				3E31D0671FBC18D8006CFB33 /* sha3.h */,
			);
			path = librhash;
			sourceTree = "<group>";
		};
		3E31D12D1FBC28DC006CFB33 /* models */ = {
			isa = PBXGroup;
			children = (
				3E9CA6A91FC2DC920096808F /* Account */,
				3E9CA6AA1FC2DD5B0096808F /* AccountInfo.swift */,
				3ECF787D1FC3B5A2001AA416 /* AccountMetaData.swift */,
				3ECF78811FC3C7D9001AA416 /* AccountMetaDataPair.swift */,
			);
			path = models;
			sourceTree = "<group>";
		};
		3E31D1301FBC2B37006CFB33 /* utils */ = {
			isa = PBXGroup;
			children = (
				3E31D1311FBC2B5C006CFB33 /* ConvertUtil.swift */,
			);
			path = utils;
			sourceTree = "<group>";
		};
		3E31D1371FBC4529006CFB33 /* Frameworks */ = {
			isa = PBXGroup;
			children = (
				3E9CA6A31FC2D7420096808F /* Result.framework */,
				3E9CA6A01FC2D6A30096808F /* APIKit.framework */,
				3E2E26461FBD7B0C004D4425 /* Base32.framework */,
				3E31D1381FBC452A006CFB33 /* CryptoSwift.framework */,
			);
			name = Frameworks;
			sourceTree = "<group>";
		};
		3E9CA69F1FC2D51F0096808F /* client */ = {
			isa = PBXGroup;
			children = (
				3E9CA6A51FC2D9440096808F /* NISRequest.swift */,
				3E9CA6A71FC2D9EB0096808F /* DecodableDataParser.swift */,
				3ECF787F1FC3C768001AA416 /* NISAPI.swift */,
			);
			path = client;
			sourceTree = "<group>";
		};
		3E9CA6A91FC2DC920096808F /* Account */ = {
			isa = PBXGroup;
			children = (
				3E31D12E1FBC28F8006CFB33 /* KeyPair.swift */,
				3E31D1351FBC3CC8006CFB33 /* Address.swift */,
				3E2E26481FBD852F004D4425 /* Account.swift */,
			);
			path = Account;
			sourceTree = "<group>";
		};
/* End PBXGroup section */

/* Begin PBXNativeTarget section */
		3E31CFA31FBC112D006CFB33 /* NemSwift */ = {
			isa = PBXNativeTarget;
			buildConfigurationList = 3E31CFB61FBC112D006CFB33 /* Build configuration list for PBXNativeTarget "NemSwift" */;
			buildPhases = (
				3E31CFA01FBC112D006CFB33 /* Sources */,
				3E31CFA11FBC112D006CFB33 /* Frameworks */,
				3E31CFA21FBC112D006CFB33 /* Resources */,
				3E31D13A1FBC4537006CFB33 /* ShellScript */,
			);
			buildRules = (
			);
			dependencies = (
			);
			name = NemSwift;
			productName = NemSwift;
			productReference = 3E31CFA41FBC112D006CFB33 /* NemSwift.app */;
			productType = "com.apple.product-type.application";
		};
/* End PBXNativeTarget section */

/* Begin PBXProject section */
		3E31CF9C1FBC112D006CFB33 /* Project object */ = {
			isa = PBXProject;
			attributes = {
				LastSwiftUpdateCheck = 0910;
				LastUpgradeCheck = 0910;
				ORGANIZATIONNAME = OpenApostille;
				TargetAttributes = {
					3E31CFA31FBC112D006CFB33 = {
						CreatedOnToolsVersion = 9.1;
						ProvisioningStyle = Automatic;
					};
				};
			};
			buildConfigurationList = 3E31CF9F1FBC112D006CFB33 /* Build configuration list for PBXProject "NemSwift" */;
			compatibilityVersion = "Xcode 8.0";
			developmentRegion = en;
			hasScannedForEncodings = 0;
			knownRegions = (
				en,
				Base,
			);
			mainGroup = 3E31CF9B1FBC112D006CFB33;
			productRefGroup = 3E31CFA51FBC112D006CFB33 /* Products */;
			projectDirPath = "";
			projectRoot = "";
			targets = (
				3E31CFA31FBC112D006CFB33 /* NemSwift */,
			);
		};
/* End PBXProject section */

/* Begin PBXResourcesBuildPhase section */
		3E31CFA21FBC112D006CFB33 /* Resources */ = {
			isa = PBXResourcesBuildPhase;
			buildActionMask = 2147483647;
			files = (
				3E31CFB21FBC112D006CFB33 /* LaunchScreen.storyboard in Resources */,
				3E31CFAF1FBC112D006CFB33 /* Assets.xcassets in Resources */,
				3E31CFAD1FBC112D006CFB33 /* Main.storyboard in Resources */,
			);
			runOnlyForDeploymentPostprocessing = 0;
		};
/* End PBXResourcesBuildPhase section */

/* Begin PBXShellScriptBuildPhase section */
		3E31D13A1FBC4537006CFB33 /* ShellScript */ = {
			isa = PBXShellScriptBuildPhase;
			buildActionMask = 2147483647;
			files = (
			);
			inputPaths = (
				"$(SRCROOT)/Carthage/Build/iOS/CryptoSwift.framework",
				"$(SRCROOT)/Carthage/Build/iOS/Base32.framework",
				"$(SRCROOT)/Carthage/Build/iOS/APIKit.framework",
				"$(SRCROOT)/Carthage/Build/iOS/Result.framework",
			);
			outputPaths = (
			);
			runOnlyForDeploymentPostprocessing = 0;
			shellPath = /bin/sh;
			shellScript = "/usr/local/bin/carthage copy-frameworks";
		};
/* End PBXShellScriptBuildPhase section */

/* Begin PBXSourcesBuildPhase section */
		3E31CFA01FBC112D006CFB33 /* Sources */ = {
			isa = PBXSourcesBuildPhase;
			buildActionMask = 2147483647;
			files = (
				3E31D1061FBC18D8006CFB33 /* sha3.c in Sources */,
				3E31D09F1FBC18D8006CFB33 /* fe.c in Sources */,
				3ECF787E1FC3B5A2001AA416 /* AccountMetaData.swift in Sources */,
				3E2E26431FBD600E004D4425 /* RIPEMD+Block.swift in Sources */,
				3E2E26421FBD600E004D4425 /* NSData+HexString.swift in Sources */,
				3E31D0A41FBC18D8006CFB33 /* seed.c in Sources */,
				3E2E26441FBD600E004D4425 /* RIPEMD.swift in Sources */,
				3E31D1321FBC2B5C006CFB33 /* ConvertUtil.swift in Sources */,
				3E31D0A21FBC18D8006CFB33 /* keypair.c in Sources */,
				3E31D1361FBC3CC8006CFB33 /* Address.swift in Sources */,
				3E31CFAA1FBC112D006CFB33 /* ViewController.swift in Sources */,
				3E31D0A31FBC18D8006CFB33 /* sc.c in Sources */,
				3ECF78801FC3C768001AA416 /* NISAPI.swift in Sources */,
				3E31D0A11FBC18D8006CFB33 /* key_exchange.c in Sources */,
				3E9CA6A81FC2D9EB0096808F /* DecodableDataParser.swift in Sources */,
				3E31D09E1FBC18D8006CFB33 /* add_scalar.c in Sources */,
				3E31D0A61FBC18D8006CFB33 /* sign.c in Sources */,
				3E9CA6A61FC2D9440096808F /* NISRequest.swift in Sources */,
				3E31D0A01FBC18D8006CFB33 /* ge.c in Sources */,
				3E31D1251FBC2119006CFB33 /* ed25519_sha3_512.c in Sources */,
				3ECF78821FC3C7D9001AA416 /* AccountMetaDataPair.swift in Sources */,
				3E2E26451FBD600E004D4425 /* UInt32+CircularShift.swift in Sources */,
				3E31CFA81FBC112D006CFB33 /* AppDelegate.swift in Sources */,
				3E1AE8F71FBD3D81008A4BC1 /* ripemd-160.c in Sources */,
				3E31D0A71FBC18D8006CFB33 /* verify.c in Sources */,
				3E2E26491FBD852F004D4425 /* Account.swift in Sources */,
				3E31D12F1FBC28F8006CFB33 /* KeyPair.swift in Sources */,
				3E31D0F41FBC18D8006CFB33 /* byte_order.c in Sources */,
				3E31D0A51FBC18D8006CFB33 /* sha512.c in Sources */,
				3E9CA6AB1FC2DD5B0096808F /* AccountInfo.swift in Sources */,
			);
			runOnlyForDeploymentPostprocessing = 0;
		};
/* End PBXSourcesBuildPhase section */

/* Begin PBXVariantGroup section */
		3E31CFAB1FBC112D006CFB33 /* Main.storyboard */ = {
			isa = PBXVariantGroup;
			children = (
				3E31CFAC1FBC112D006CFB33 /* Base */,
			);
			name = Main.storyboard;
			sourceTree = "<group>";
		};
		3E31CFB01FBC112D006CFB33 /* LaunchScreen.storyboard */ = {
			isa = PBXVariantGroup;
			children = (
				3E31CFB11FBC112D006CFB33 /* Base */,
			);
			name = LaunchScreen.storyboard;
			sourceTree = "<group>";
		};
/* End PBXVariantGroup section */

/* Begin XCBuildConfiguration section */
		3E31CFB41FBC112D006CFB33 /* Debug */ = {
			isa = XCBuildConfiguration;
			buildSettings = {
				ALWAYS_SEARCH_USER_PATHS = NO;
				CLANG_ANALYZER_NONNULL = YES;
				CLANG_ANALYZER_NUMBER_OBJECT_CONVERSION = YES_AGGRESSIVE;
				CLANG_CXX_LANGUAGE_STANDARD = "gnu++14";
				CLANG_CXX_LIBRARY = "libc++";
				CLANG_ENABLE_MODULES = YES;
				CLANG_ENABLE_OBJC_ARC = YES;
				CLANG_WARN_BLOCK_CAPTURE_AUTORELEASING = YES;
				CLANG_WARN_BOOL_CONVERSION = YES;
				CLANG_WARN_COMMA = YES;
				CLANG_WARN_CONSTANT_CONVERSION = YES;
				CLANG_WARN_DIRECT_OBJC_ISA_USAGE = YES_ERROR;
				CLANG_WARN_DOCUMENTATION_COMMENTS = YES;
				CLANG_WARN_EMPTY_BODY = YES;
				CLANG_WARN_ENUM_CONVERSION = YES;
				CLANG_WARN_INFINITE_RECURSION = YES;
				CLANG_WARN_INT_CONVERSION = YES;
				CLANG_WARN_NON_LITERAL_NULL_CONVERSION = YES;
				CLANG_WARN_OBJC_LITERAL_CONVERSION = YES;
				CLANG_WARN_OBJC_ROOT_CLASS = YES_ERROR;
				CLANG_WARN_RANGE_LOOP_ANALYSIS = YES;
				CLANG_WARN_STRICT_PROTOTYPES = YES;
				CLANG_WARN_SUSPICIOUS_MOVE = YES;
				CLANG_WARN_UNGUARDED_AVAILABILITY = YES_AGGRESSIVE;
				CLANG_WARN_UNREACHABLE_CODE = YES;
				CLANG_WARN__DUPLICATE_METHOD_MATCH = YES;
				CODE_SIGN_IDENTITY = "iPhone Developer";
				COPY_PHASE_STRIP = NO;
				DEBUG_INFORMATION_FORMAT = dwarf;
				ENABLE_STRICT_OBJC_MSGSEND = YES;
				ENABLE_TESTABILITY = YES;
				GCC_C_LANGUAGE_STANDARD = gnu11;
				GCC_DYNAMIC_NO_PIC = NO;
				GCC_NO_COMMON_BLOCKS = YES;
				GCC_OPTIMIZATION_LEVEL = 0;
				GCC_PREPROCESSOR_DEFINITIONS = (
					"DEBUG=1",
					"$(inherited)",
				);
				GCC_WARN_64_TO_32_BIT_CONVERSION = YES;
				GCC_WARN_ABOUT_RETURN_TYPE = YES_ERROR;
				GCC_WARN_UNDECLARED_SELECTOR = YES;
				GCC_WARN_UNINITIALIZED_AUTOS = YES_AGGRESSIVE;
				GCC_WARN_UNUSED_FUNCTION = YES;
				GCC_WARN_UNUSED_VARIABLE = YES;
				IPHONEOS_DEPLOYMENT_TARGET = 11.1;
				MTL_ENABLE_DEBUG_INFO = YES;
				ONLY_ACTIVE_ARCH = YES;
				SDKROOT = iphoneos;
				SWIFT_ACTIVE_COMPILATION_CONDITIONS = DEBUG;
				SWIFT_OBJC_BRIDGING_HEADER = "$(SRCROOT)/NemSwift/NewSwift-Bridging-Header.h";
				SWIFT_OPTIMIZATION_LEVEL = "-Onone";
			};
			name = Debug;
		};
		3E31CFB51FBC112D006CFB33 /* Release */ = {
			isa = XCBuildConfiguration;
			buildSettings = {
				ALWAYS_SEARCH_USER_PATHS = NO;
				CLANG_ANALYZER_NONNULL = YES;
				CLANG_ANALYZER_NUMBER_OBJECT_CONVERSION = YES_AGGRESSIVE;
				CLANG_CXX_LANGUAGE_STANDARD = "gnu++14";
				CLANG_CXX_LIBRARY = "libc++";
				CLANG_ENABLE_MODULES = YES;
				CLANG_ENABLE_OBJC_ARC = YES;
				CLANG_WARN_BLOCK_CAPTURE_AUTORELEASING = YES;
				CLANG_WARN_BOOL_CONVERSION = YES;
				CLANG_WARN_COMMA = YES;
				CLANG_WARN_CONSTANT_CONVERSION = YES;
				CLANG_WARN_DIRECT_OBJC_ISA_USAGE = YES_ERROR;
				CLANG_WARN_DOCUMENTATION_COMMENTS = YES;
				CLANG_WARN_EMPTY_BODY = YES;
				CLANG_WARN_ENUM_CONVERSION = YES;
				CLANG_WARN_INFINITE_RECURSION = YES;
				CLANG_WARN_INT_CONVERSION = YES;
				CLANG_WARN_NON_LITERAL_NULL_CONVERSION = YES;
				CLANG_WARN_OBJC_LITERAL_CONVERSION = YES;
				CLANG_WARN_OBJC_ROOT_CLASS = YES_ERROR;
				CLANG_WARN_RANGE_LOOP_ANALYSIS = YES;
				CLANG_WARN_STRICT_PROTOTYPES = YES;
				CLANG_WARN_SUSPICIOUS_MOVE = YES;
				CLANG_WARN_UNGUARDED_AVAILABILITY = YES_AGGRESSIVE;
				CLANG_WARN_UNREACHABLE_CODE = YES;
				CLANG_WARN__DUPLICATE_METHOD_MATCH = YES;
				CODE_SIGN_IDENTITY = "iPhone Developer";
				COPY_PHASE_STRIP = NO;
				DEBUG_INFORMATION_FORMAT = "dwarf-with-dsym";
				ENABLE_NS_ASSERTIONS = NO;
				ENABLE_STRICT_OBJC_MSGSEND = YES;
				GCC_C_LANGUAGE_STANDARD = gnu11;
				GCC_NO_COMMON_BLOCKS = YES;
				GCC_WARN_64_TO_32_BIT_CONVERSION = YES;
				GCC_WARN_ABOUT_RETURN_TYPE = YES_ERROR;
				GCC_WARN_UNDECLARED_SELECTOR = YES;
				GCC_WARN_UNINITIALIZED_AUTOS = YES_AGGRESSIVE;
				GCC_WARN_UNUSED_FUNCTION = YES;
				GCC_WARN_UNUSED_VARIABLE = YES;
				IPHONEOS_DEPLOYMENT_TARGET = 11.1;
				MTL_ENABLE_DEBUG_INFO = NO;
				SDKROOT = iphoneos;
				SWIFT_OBJC_BRIDGING_HEADER = "$(SRCROOT)/NemSwift/NewSwift-Bridging-Header.h";
				SWIFT_OPTIMIZATION_LEVEL = "-Owholemodule";
				VALIDATE_PRODUCT = YES;
			};
			name = Release;
		};
		3E31CFB71FBC112D006CFB33 /* Debug */ = {
			isa = XCBuildConfiguration;
			buildSettings = {
				ASSETCATALOG_COMPILER_APPICON_NAME = AppIcon;
				CODE_SIGN_STYLE = Automatic;
				DEVELOPMENT_TEAM = 46946JQQ95;
				FRAMEWORK_SEARCH_PATHS = (
					"$(inherited)",
					"$(PROJECT_DIR)/Carthage/Build/iOS",
				);
				GCC_PREPROCESSOR_DEFINITIONS = (
					"DEBUG=1",
					"$(inherited)",
					USE_KECCAK,
				);
				INFOPLIST_FILE = NemSwift/Info.plist;
				LD_RUNPATH_SEARCH_PATHS = "$(inherited) @executable_path/Frameworks";
				PRODUCT_BUNDLE_IDENTIFIER = net.openapostille.NemSwift;
				PRODUCT_NAME = "$(TARGET_NAME)";
				SWIFT_OBJC_BRIDGING_HEADER = "$(SRCROOT)/NemSwift/NewSwift-Bridging-Header.h";
				SWIFT_VERSION = 4.0;
				TARGETED_DEVICE_FAMILY = "1,2";
			};
			name = Debug;
		};
		3E31CFB81FBC112D006CFB33 /* Release */ = {
			isa = XCBuildConfiguration;
			buildSettings = {
				ASSETCATALOG_COMPILER_APPICON_NAME = AppIcon;
				CODE_SIGN_STYLE = Automatic;
				DEVELOPMENT_TEAM = 46946JQQ95;
				FRAMEWORK_SEARCH_PATHS = (
					"$(inherited)",
					"$(PROJECT_DIR)/Carthage/Build/iOS",
				);
				GCC_PREPROCESSOR_DEFINITIONS = USE_KECCAK;
				INFOPLIST_FILE = NemSwift/Info.plist;
				LD_RUNPATH_SEARCH_PATHS = "$(inherited) @executable_path/Frameworks";
				PRODUCT_BUNDLE_IDENTIFIER = net.openapostille.NemSwift;
				PRODUCT_NAME = "$(TARGET_NAME)";
				SWIFT_OBJC_BRIDGING_HEADER = "$(SRCROOT)/NemSwift/NewSwift-Bridging-Header.h";
				SWIFT_VERSION = 4.0;
				TARGETED_DEVICE_FAMILY = "1,2";
			};
			name = Release;
		};
/* End XCBuildConfiguration section */

/* Begin XCConfigurationList section */
		3E31CF9F1FBC112D006CFB33 /* Build configuration list for PBXProject "NemSwift" */ = {
			isa = XCConfigurationList;
			buildConfigurations = (
				3E31CFB41FBC112D006CFB33 /* Debug */,
				3E31CFB51FBC112D006CFB33 /* Release */,
			);
			defaultConfigurationIsVisible = 0;
			defaultConfigurationName = Release;
		};
		3E31CFB61FBC112D006CFB33 /* Build configuration list for PBXNativeTarget "NemSwift" */ = {
			isa = XCConfigurationList;
			buildConfigurations = (
				3E31CFB71FBC112D006CFB33 /* Debug */,
				3E31CFB81FBC112D006CFB33 /* Release */,
			);
			defaultConfigurationIsVisible = 0;
			defaultConfigurationName = Release;
		};
/* End XCConfigurationList section */
	};
	rootObject = 3E31CF9C1FBC112D006CFB33 /* Project object */;
}
